
Microsoft Visual Studio Solution File, Format Version 12.00
# Visual Studio Version 16
VisualStudioVersion = 16.0.32002.261
MinimumVisualStudioVersion = 10.0.40219.1
Project("{FAE04EC0-301F-11D3-BF4B-00C04F79EFBC}") = "ElasticSearch", "ElasticSearch\ElasticSearch.csproj", "{3395738A-FF6A-4A75-8571-2AC0628588ED}"
EndProject
Global
	GlobalSection(SolutionConfigurationPlatforms) = preSolution
		Debug|Any CPU = Debug|Any CPU
		Release|Any CPU = Release|Any CPU
	EndGlobalSection
	GlobalSection(ProjectConfigurationPlatforms) = postSolution
		{3395738A-FF6A-4A75-8571-2AC0628588ED}.Debug|Any CPU.ActiveCfg = Debug|Any CPU
		{3395738A-FF6A-4A75-8571-2AC0628588ED}.Debug|Any CPU.Build.0 = Debug|Any CPU
		{3395738A-FF6A-4A75-8571-2AC0628588ED}.Release|Any CPU.ActiveCfg = Release|Any CPU
		{3395738A-FF6A-4A75-8571-2AC0628588ED}.Release|Any CPU.Build.0 = Release|Any CPU
	EndGlobalSection
	GlobalSection(SolutionProperties) = preSolution
		HideSolutionNode = FALSE
	EndGlobalSection
	GlobalSection(ExtensibilityGlobals) = postSolution
		SolutionGuid = {E461F41D-070A-4134-A8EA-56374C1ACC30}
	EndGlobalSection
EndGlobal
